// !$*UTF8*$!
{
	archiveVersion = 1;
	classes = {
	};
	objectVersion = 46;
	objects = {

/* Begin PBXBuildFile section */
		AA8A16291D93FA4F008B1475 /* Constants.swift in Sources */ = {isa = PBXBuildFile; fileRef = "__PBXFileRef_Packages/JSONCore-0.1.0/Sources/Constants.swift" /* Constants.swift */; };
		AA8A162A1D93FA4F008B1475 /* JSON.swift in Sources */ = {isa = PBXBuildFile; fileRef = "__PBXFileRef_Packages/JSONCore-0.1.0/Sources/JSON.swift" /* JSON.swift */; };
		AA8A162B1D93FA4F008B1475 /* JSONParser.swift in Sources */ = {isa = PBXBuildFile; fileRef = "__PBXFileRef_Packages/JSONCore-0.1.0/Sources/JSONParser.swift" /* JSONParser.swift */; };
		AA8A162C1D93FA4F008B1475 /* JSONSerializer.swift in Sources */ = {isa = PBXBuildFile; fileRef = "__PBXFileRef_Packages/JSONCore-0.1.0/Sources/JSONSerializer.swift" /* JSONSerializer.swift */; };
		__src_cc_ref_Sources/CoreExport.swift /* CoreExport.swift in Sources */ = {isa = PBXBuildFile; fileRef = __PBXFileRef_Sources/CoreExport.swift /* CoreExport.swift */; };
		__src_cc_ref_Sources/Expressible.swift /* Expressible.swift in Sources */ = {isa = PBXBuildFile; fileRef = __PBXFileRef_Sources/Expressible.swift /* Expressible.swift */; };
		__src_cc_ref_Sources/JSONAccessors.swift /* JSONAccessors.swift in Sources */ = {isa = PBXBuildFile; fileRef = __PBXFileRef_Sources/JSONAccessors.swift /* JSONAccessors.swift */; };
		__src_cc_ref_Sources/JSONConvertible.swift /* JSONConvertible.swift in Sources */ = {isa = PBXBuildFile; fileRef = __PBXFileRef_Sources/JSONConvertible.swift /* JSONConvertible.swift */; };
		__src_cc_ref_Sources/JSONError.swift /* JSONError.swift in Sources */ = {isa = PBXBuildFile; fileRef = __PBXFileRef_Sources/JSONError.swift /* JSONError.swift */; };
		__src_cc_ref_Sources/JSONInitializable.swift /* JSONInitializable.swift in Sources */ = {isa = PBXBuildFile; fileRef = __PBXFileRef_Sources/JSONInitializable.swift /* JSONInitializable.swift */; };
		__src_cc_ref_Sources/JSONOptionalExtensions.swift /* JSONOptionalExtensions.swift in Sources */ = {isa = PBXBuildFile; fileRef = __PBXFileRef_Sources/JSONOptionalExtensions.swift /* JSONOptionalExtensions.swift */; };
		__src_cc_ref_Sources/JSONRepresentable.swift /* JSONRepresentable.swift in Sources */ = {isa = PBXBuildFile; fileRef = __PBXFileRef_Sources/JSONRepresentable.swift /* JSONRepresentable.swift */; };
/* End PBXBuildFile section */

/* Begin PBXFileReference section */
		__PBXFileRef_JSON.xcodeproj/Configs/Project.xcconfig /* JSON.xcodeproj/Configs/Project.xcconfig */ = {isa = PBXFileReference; lastKnownFileType = text.xcconfig; path = JSON.xcodeproj/Configs/Project.xcconfig; sourceTree = "<group>"; };
		__PBXFileRef_Package.swift /* Package.swift */ = {isa = PBXFileReference; lastKnownFileType = sourcecode.swift; path = Package.swift; sourceTree = "<group>"; };
		"__PBXFileRef_Packages/JSONCore-0.1.0/Sources/Constants.swift" /* Constants.swift */ = {isa = PBXFileReference; lastKnownFileType = sourcecode.swift; path = Constants.swift; sourceTree = "<group>"; };
		"__PBXFileRef_Packages/JSONCore-0.1.0/Sources/JSON.swift" /* JSON.swift */ = {isa = PBXFileReference; lastKnownFileType = sourcecode.swift; path = JSON.swift; sourceTree = "<group>"; };
		"__PBXFileRef_Packages/JSONCore-0.1.0/Sources/JSONParser.swift" /* JSONParser.swift */ = {isa = PBXFileReference; lastKnownFileType = sourcecode.swift; path = JSONParser.swift; sourceTree = "<group>"; };
		"__PBXFileRef_Packages/JSONCore-0.1.0/Sources/JSONSerializer.swift" /* JSONSerializer.swift */ = {isa = PBXFileReference; lastKnownFileType = sourcecode.swift; path = JSONSerializer.swift; sourceTree = "<group>"; };
		__PBXFileRef_Sources/CoreExport.swift /* CoreExport.swift */ = {isa = PBXFileReference; lastKnownFileType = sourcecode.swift; path = CoreExport.swift; sourceTree = "<group>"; };
		__PBXFileRef_Sources/Expressible.swift /* Expressible.swift */ = {isa = PBXFileReference; lastKnownFileType = sourcecode.swift; path = Expressible.swift; sourceTree = "<group>"; };
		__PBXFileRef_Sources/JSONAccessors.swift /* JSONAccessors.swift */ = {isa = PBXFileReference; lastKnownFileType = sourcecode.swift; path = JSONAccessors.swift; sourceTree = "<group>"; };
		__PBXFileRef_Sources/JSONConvertible.swift /* JSONConvertible.swift */ = {isa = PBXFileReference; lastKnownFileType = sourcecode.swift; path = JSONConvertible.swift; sourceTree = "<group>"; };
		__PBXFileRef_Sources/JSONError.swift /* JSONError.swift */ = {isa = PBXFileReference; lastKnownFileType = sourcecode.swift; path = JSONError.swift; sourceTree = "<group>"; };
		__PBXFileRef_Sources/JSONInitializable.swift /* JSONInitializable.swift */ = {isa = PBXFileReference; lastKnownFileType = sourcecode.swift; path = JSONInitializable.swift; sourceTree = "<group>"; };
		__PBXFileRef_Sources/JSONOptionalExtensions.swift /* JSONOptionalExtensions.swift */ = {isa = PBXFileReference; lastKnownFileType = sourcecode.swift; path = JSONOptionalExtensions.swift; sourceTree = "<group>"; };
		__PBXFileRef_Sources/JSONRepresentable.swift /* JSONRepresentable.swift */ = {isa = PBXFileReference; lastKnownFileType = sourcecode.swift; path = JSONRepresentable.swift; sourceTree = "<group>"; };
		"_____Product_JSON" /* JSON.framework */ = {isa = PBXFileReference; explicitFileType = wrapper.framework; path = JSON.framework; sourceTree = BUILT_PRODUCTS_DIR; };
/* End PBXFileReference section */

/* Begin PBXFrameworksBuildPhase section */
		"___LinkPhase_JSON" /* Frameworks */ = {
			isa = PBXFrameworksBuildPhase;
			buildActionMask = 0;
			files = (
			);
			runOnlyForDeploymentPostprocessing = 0;
		};
/* End PBXFrameworksBuildPhase section */

/* Begin PBXGroup section */
		Dependencies_ /* Dependencies */ = {
			isa = PBXGroup;
			children = (
				"_______Group_JSONCore" /* JSONCore */,
			);
			name = Dependencies;
			sourceTree = "<group>";
		};
		"___RootGroup_" = {
			isa = PBXGroup;
			children = (
				__PBXFileRef_Package.swift /* Package.swift */,
				"_____Configs_" /* Configs */,
				"_____Sources_" /* Sources */,
				Dependencies_ /* Dependencies */,
				"____Products_" /* Products */,
			);
			sourceTree = "<group>";
		};
		"____Products_" /* Products */ = {
			isa = PBXGroup;
			children = (
				"_____Product_JSON" /* JSON.framework */,
			);
			name = Products;
			sourceTree = "<group>";
		};
		"_____Configs_" /* Configs */ = {
			isa = PBXGroup;
			children = (
				__PBXFileRef_JSON.xcodeproj/Configs/Project.xcconfig /* JSON.xcodeproj/Configs/Project.xcconfig */,
			);
			name = Configs;
			sourceTree = "<group>";
		};
		"_____Sources_" /* Sources */ = {
			isa = PBXGroup;
			children = (
				"_______Group_JSON" /* JSON */,
			);
			name = Sources;
			sourceTree = "<group>";
		};
		"_______Group_JSON" /* JSON */ = {
			isa = PBXGroup;
			children = (
				__PBXFileRef_Sources/CoreExport.swift /* CoreExport.swift */,
				__PBXFileRef_Sources/Expressible.swift /* Expressible.swift */,
				__PBXFileRef_Sources/JSONAccessors.swift /* JSONAccessors.swift */,
				__PBXFileRef_Sources/JSONConvertible.swift /* JSONConvertible.swift */,
				__PBXFileRef_Sources/JSONError.swift /* JSONError.swift */,
				__PBXFileRef_Sources/JSONInitializable.swift /* JSONInitializable.swift */,
				__PBXFileRef_Sources/JSONOptionalExtensions.swift /* JSONOptionalExtensions.swift */,
				__PBXFileRef_Sources/JSONRepresentable.swift /* JSONRepresentable.swift */,
			);
			name = JSON;
			path = Sources;
			sourceTree = "<group>";
		};
		"_______Group_JSONCore" /* JSONCore */ = {
			isa = PBXGroup;
			children = (
				"__PBXFileRef_Packages/JSONCore-0.1.0/Sources/Constants.swift" /* Constants.swift */,
				"__PBXFileRef_Packages/JSONCore-0.1.0/Sources/JSON.swift" /* JSON.swift */,
				"__PBXFileRef_Packages/JSONCore-0.1.0/Sources/JSONParser.swift" /* JSONParser.swift */,
				"__PBXFileRef_Packages/JSONCore-0.1.0/Sources/JSONSerializer.swift" /* JSONSerializer.swift */,
			);
			name = JSONCore;
			path = "Packages/JSONCore-0.1.0/Sources";
			sourceTree = "<group>";
		};
/* End PBXGroup section */

/* Begin PBXNativeTarget section */
		"______Target_JSON" /* JSON */ = {
			isa = PBXNativeTarget;
			buildConfigurationList = "_______Confs_JSON" /* Build configuration list for PBXNativeTarget "JSON" */;
			buildPhases = (
				CompilePhase_JSON /* Sources */,
				"___LinkPhase_JSON" /* Frameworks */,
			);
			buildRules = (
			);
			dependencies = (
			);
			name = JSON;
			productName = JSON;
			productReference = "_____Product_JSON" /* JSON.framework */;
			productType = "com.apple.product-type.framework";
		};
/* End PBXNativeTarget section */

/* Begin PBXProject section */
		__RootObject_ /* Project object */ = {
			isa = PBXProject;
			attributes = {
				LastUpgradeCheck = 9999;
			};
			buildConfigurationList = "___RootConfs_" /* Build configuration list for PBXProject "JSON" */;
			compatibilityVersion = "Xcode 3.2";
			developmentRegion = English;
			hasScannedForEncodings = 0;
			knownRegions = (
				en,
			);
			mainGroup = "___RootGroup_";
			productRefGroup = "____Products_" /* Products */;
			projectDirPath = "";
			projectRoot = "";
			targets = (
				"______Target_JSON" /* JSON */,
			);
		};
/* End PBXProject section */

/* Begin PBXSourcesBuildPhase section */
		CompilePhase_JSON /* Sources */ = {
			isa = PBXSourcesBuildPhase;
			buildActionMask = 0;
			files = (
				__src_cc_ref_Sources/CoreExport.swift /* CoreExport.swift in Sources */,
				AA8A162A1D93FA4F008B1475 /* JSON.swift in Sources */,
				__src_cc_ref_Sources/Expressible.swift /* Expressible.swift in Sources */,
				AA8A162B1D93FA4F008B1475 /* JSONParser.swift in Sources */,
				__src_cc_ref_Sources/JSONAccessors.swift /* JSONAccessors.swift in Sources */,
				__src_cc_ref_Sources/JSONConvertible.swift /* JSONConvertible.swift in Sources */,
				__src_cc_ref_Sources/JSONError.swift /* JSONError.swift in Sources */,
				AA8A162C1D93FA4F008B1475 /* JSONSerializer.swift in Sources */,
				__src_cc_ref_Sources/JSONInitializable.swift /* JSONInitializable.swift in Sources */,
				__src_cc_ref_Sources/JSONOptionalExtensions.swift /* JSONOptionalExtensions.swift in Sources */,
				__src_cc_ref_Sources/JSONRepresentable.swift /* JSONRepresentable.swift in Sources */,
				AA8A16291D93FA4F008B1475 /* Constants.swift in Sources */,
			);
			runOnlyForDeploymentPostprocessing = 0;
		};
/* End PBXSourcesBuildPhase section */

/* Begin XCBuildConfiguration section */
		_ReleaseConf_JSON /* Release */ = {
			isa = XCBuildConfiguration;
			buildSettings = {
				ENABLE_TESTABILITY = YES;
				FRAMEWORK_SEARCH_PATHS = "$(PLATFORM_DIR)/Developer/Library/Frameworks";
				INFOPLIST_FILE = JSON.xcodeproj/JSON_Info.plist;
				LD_RUNPATH_SEARCH_PATHS = "$(TOOLCHAIN_DIR)/usr/lib/swift/macosx";
				OTHER_LDFLAGS = "$(inherited)";
				OTHER_SWIFT_FLAGS = "$(inherited)";
				PRODUCT_BUNDLE_IDENTIFIER = JSON;
				PRODUCT_MODULE_NAME = "$(TARGET_NAME:c99extidentifier)";
				PRODUCT_NAME = "$(TARGET_NAME:c99extidentifier)";
				SWIFT_VERSION = 3.0;
			};
			name = Release;
		};
		"___DebugConf_JSON" /* Debug */ = {
			isa = XCBuildConfiguration;
			buildSettings = {
				ENABLE_TESTABILITY = YES;
				FRAMEWORK_SEARCH_PATHS = "$(PLATFORM_DIR)/Developer/Library/Frameworks";
				INFOPLIST_FILE = JSON.xcodeproj/JSON_Info.plist;
				LD_RUNPATH_SEARCH_PATHS = "$(TOOLCHAIN_DIR)/usr/lib/swift/macosx";
				OTHER_LDFLAGS = "$(inherited)";
				OTHER_SWIFT_FLAGS = "$(inherited)";
				PRODUCT_BUNDLE_IDENTIFIER = JSON;
				PRODUCT_MODULE_NAME = "$(TARGET_NAME:c99extidentifier)";
				PRODUCT_NAME = "$(TARGET_NAME:c99extidentifier)";
				SWIFT_OPTIMIZATION_LEVEL = "-Onone";
				SWIFT_VERSION = 3.0;
			};
			name = Debug;
		};
		"_____Release_" /* Release */ = {
			isa = XCBuildConfiguration;
			baseConfigurationReference = __PBXFileRef_JSON.xcodeproj/Configs/Project.xcconfig /* JSON.xcodeproj/Configs/Project.xcconfig */;
			buildSettings = {
			};
			name = Release;
		};
		"_______Debug_" /* Debug */ = {
			isa = XCBuildConfiguration;
			baseConfigurationReference = __PBXFileRef_JSON.xcodeproj/Configs/Project.xcconfig /* JSON.xcodeproj/Configs/Project.xcconfig */;
			buildSettings = {
			};
			name = Debug;
		};
/* End XCBuildConfiguration section */

/* Begin XCConfigurationList section */
		"___RootConfs_" /* Build configuration list for PBXProject "JSON" */ = {
			isa = XCConfigurationList;
			buildConfigurations = (
				"_______Debug_" /* Debug */,
				"_____Release_" /* Release */,
			);
			defaultConfigurationIsVisible = 0;
			defaultConfigurationName = Debug;
		};
		"_______Confs_JSON" /* Build configuration list for PBXNativeTarget "JSON" */ = {
			isa = XCConfigurationList;
			buildConfigurations = (
				"___DebugConf_JSON" /* Debug */,
				_ReleaseConf_JSON /* Release */,
			);
			defaultConfigurationIsVisible = 0;
			defaultConfigurationName = Debug;
		};
/* End XCConfigurationList section */
	};
	rootObject = __RootObject_ /* Project object */;
}
